Microsoft Visual Studio Solution File, Format Version 12.00
# Visual Studio 15
VisualStudioVersion = 15.0.26430.13
MinimumVisualStudioVersion = 10.0.40219.1
Project("{FAE04EC0-301F-11D3-BF4B-00C04F79EFBC}") = "Chat_Server", "Chat_Server.csproj", "{FD0DFA97-5352-457F-A1DA-BAB339926175}"
EndProject
Global
	GlobalSection(SolutionConfigurationPlatforms) = preSolution
		Debug|Any CPU = Debug|Any CPU
		Release|Any CPU = Release|Any CPU
	EndGlobalSection
	GlobalSection(ProjectConfigurationPlatforms) = postSolution
		{FD0DFA97-5352-457F-A1DA-BAB339926175}.Debug|Any CPU.ActiveCfg = Debug|Any CPU
		{FD0DFA97-5352-457F-A1DA-BAB339926175}.Debug|Any CPU.Build.0 = Debug|Any CPU
		{FD0DFA97-5352-457F-A1DA-BAB339926175}.Release|Any CPU.ActiveCfg = Debug|Any CPU
		{FD0DFA97-5352-457F-A1DA-BAB339926175}.Release|Any CPU.Build.0 = Debug|Any CPU
		{FD0DFA97-5352-457F-A1DA-BAB339926175}.Release|Any CPU.Deploy.0 = Debug|Any CPU
	EndGlobalSection
	GlobalSection(SolutionProperties) = preSolution
		HideSolutionNode = FALSE
	EndGlobalSection
EndGlobal
